{
  "version": 4,
  "terraform_version": "1.5.7",
  "serial": 22,
  "lineage": "b6851213-0ff2-1fd8-3886-405fde021406",
  "outputs": {
    "aurora_secret_arn": {
      "value": "arn:aws:secretsmanager:ca-central-1:502424146170:secret:advisor-aurora-credentials-415844fc-GrByYS",
      "type": "string"
    },
    "data_api_enabled": {
      "value": "Enabled",
      "type": "string"
    },
    "database_name": {
      "value": "advisor",
      "type": "string"
    }
  },
  "resources": [
    {
      "mode": "data",
      "type": "aws_caller_identity",
      "name": "current",
      "provider": "provider[\"registry.terraform.io/hashicorp/aws\"]",
      "instances": [
        {
          "schema_version": 0,
          "attributes": {
            "account_id": "502424146170",
            "arn": "arn:aws:iam::502424146170:user/aiengineer",
            "id": "502424146170",
            "user_id": "AIDAXJ6WQCD5LAUQJNNHQ"
          },
          "sensitive_attributes": []
        }
      ]
    },
    {
      "mode": "data",
      "type": "aws_subnets",
      "name": "default",
      "provider": "provider[\"registry.terraform.io/hashicorp/aws\"]",
      "instances": [
        {
          "schema_version": 0,
          "attributes": {
            "filter": [
              {
                "name": "vpc-id",
                "values": [
                  "vpc-03c7d97217cfe3ae7"
                ]
              }
            ],
            "id": "ca-central-1",
            "ids": [
              "subnet-01832f25335b0d467",
              "subnet-052c05d90d89a5a46",
              "subnet-0042a013b4ba93049"
            ],
            "tags": null,
            "timeouts": null
          },
          "sensitive_attributes": []
        }
      ]
    },
    {
      "mode": "data",
      "type": "aws_vpc",
      "name": "default",
      "provider": "provider[\"registry.terraform.io/hashicorp/aws\"]",
      "instances": [
        {
          "schema_version": 0,
          "attributes": {
            "arn": "arn:aws:ec2:ca-central-1:502424146170:vpc/vpc-03c7d97217cfe3ae7",
            "cidr_block": "172.31.0.0/16",
            "cidr_block_associations": [
              {
                "association_id": "vpc-cidr-assoc-0fd8fb75e16e8f6fa",
                "cidr_block": "172.31.0.0/16",
                "state": "associated"
              }
            ],
            "default": true,
            "dhcp_options_id": "dopt-0ee24c121a3002682",
            "enable_dns_hostnames": true,
            "enable_dns_support": true,
            "enable_network_address_usage_metrics": false,
            "filter": null,
            "id": "vpc-03c7d97217cfe3ae7",
            "instance_tenancy": "default",
            "ipv6_association_id": "",
            "ipv6_cidr_block": "",
            "main_route_table_id": "rtb-0f0de392654ef0365",
            "owner_id": "502424146170",
            "state": null,
            "tags": {},
            "timeouts": null
          },
          "sensitive_attributes": []
        }
      ]
    },
    {
      "mode": "managed",
      "type": "aws_db_subnet_group",
      "name": "aurora",
      "provider": "provider[\"registry.terraform.io/hashicorp/aws\"]",
      "instances": [
        {
          "schema_version": 0,
          "attributes": {
            "arn": "arn:aws:rds:ca-central-1:502424146170:subgrp:advisor-aurora-subnet-group",
            "description": "Managed by Terraform",
            "id": "advisor-aurora-subnet-group",
            "name": "advisor-aurora-subnet-group",
            "name_prefix": "",
            "subnet_ids": [
              "subnet-0042a013b4ba93049",
              "subnet-01832f25335b0d467",
              "subnet-052c05d90d89a5a46"
            ],
            "supported_network_types": [
              "IPV4"
            ],
            "tags": {
              "Part": "5",
              "Project": "advisor"
            },
            "tags_all": {
              "Part": "5",
              "Project": "advisor"
            },
            "vpc_id": "vpc-03c7d97217cfe3ae7"
          },
          "sensitive_attributes": [],
          "private": "bnVsbA==",
          "dependencies": [
            "data.aws_subnets.default",
            "data.aws_vpc.default"
          ]
        }
      ]
    },
    {
      "mode": "managed",
      "type": "aws_iam_role_policy",
      "name": "lambda_aurora_policy",
      "provider": "provider[\"registry.terraform.io/hashicorp/aws\"]",
      "instances": []
    },
    {
      "mode": "managed",
      "type": "aws_iam_role_policy_attachment",
      "name": "lambda_basic",
      "provider": "provider[\"registry.terraform.io/hashicorp/aws\"]",
      "instances": []
    },
    {
      "mode": "managed",
      "type": "aws_rds_cluster",
      "name": "aurora",
      "provider": "provider[\"registry.terraform.io/hashicorp/aws\"]",
      "instances": []
    },
    {
      "mode": "managed",
      "type": "aws_rds_cluster_instance",
      "name": "aurora",
      "provider": "provider[\"registry.terraform.io/hashicorp/aws\"]",
      "instances": []
    },
    {
      "mode": "managed",
      "type": "aws_secretsmanager_secret",
      "name": "db_credentials",
      "provider": "provider[\"registry.terraform.io/hashicorp/aws\"]",
      "instances": [
        {
          "schema_version": 0,
          "attributes": {
            "arn": "arn:aws:secretsmanager:ca-central-1:502424146170:secret:advisor-aurora-credentials-415844fc-GrByYS",
            "description": "",
            "force_overwrite_replica_secret": false,
            "id": "arn:aws:secretsmanager:ca-central-1:502424146170:secret:advisor-aurora-credentials-415844fc-GrByYS",
            "kms_key_id": "",
            "name": "advisor-aurora-credentials-415844fc",
            "name_prefix": "",
            "policy": "",
            "recovery_window_in_days": 0,
            "replica": [],
            "tags": {
              "Part": "5",
              "Project": "advisor"
            },
            "tags_all": {
              "Part": "5",
              "Project": "advisor"
            }
          },
          "sensitive_attributes": [],
          "private": "bnVsbA==",
          "dependencies": [
            "random_id.suffix"
          ]
        }
      ]
    },
    {
      "mode": "managed",
      "type": "aws_secretsmanager_secret_version",
      "name": "db_credentials",
      "provider": "provider[\"registry.terraform.io/hashicorp/aws\"]",
      "instances": [
        {
          "schema_version": 0,
          "attributes": {
            "arn": "arn:aws:secretsmanager:ca-central-1:502424146170:secret:advisor-aurora-credentials-415844fc-GrByYS",
            "has_secret_string_wo": null,
            "id": "arn:aws:secretsmanager:ca-central-1:502424146170:secret:advisor-aurora-credentials-415844fc-GrByYS|terraform-20251128042049760100000002",
            "secret_binary": "",
            "secret_id": "arn:aws:secretsmanager:ca-central-1:502424146170:secret:advisor-aurora-credentials-415844fc-GrByYS",
            "secret_string": "{\"password\":\"ga])ZvlExGbJ-Z*$?FIiIT\\u003eLK\\u0026\\u003elkhjO\",\"username\":\"advisoradmin\"}",
            "secret_string_wo": null,
            "secret_string_wo_version": null,
            "version_id": "terraform-20251128042049760100000002",
            "version_stages": [
              "AWSCURRENT"
            ]
          },
          "sensitive_attributes": [
            [
              {
                "type": "get_attr",
                "value": "secret_string"
              }
            ]
          ],
          "private": "bnVsbA==",
          "dependencies": [
            "aws_secretsmanager_secret.db_credentials",
            "random_id.suffix",
            "random_password.db_password"
          ]
        }
      ]
    },
    {
      "mode": "managed",
      "type": "aws_security_group",
      "name": "aurora",
      "provider": "provider[\"registry.terraform.io/hashicorp/aws\"]",
      "instances": [
        {
          "schema_version": 1,
          "attributes": {
            "arn": "arn:aws:ec2:ca-central-1:502424146170:security-group/sg-023b986fe9af4d45c",
            "description": "Security group for Advisor Aurora cluster",
            "egress": [
              {
                "cidr_blocks": [
                  "0.0.0.0/0"
                ],
                "description": "",
                "from_port": 0,
                "ipv6_cidr_blocks": [],
                "prefix_list_ids": [],
                "protocol": "-1",
                "security_groups": [],
                "self": false,
                "to_port": 0
              }
            ],
            "id": "sg-023b986fe9af4d45c",
            "ingress": [
              {
                "cidr_blocks": [
                  "172.31.0.0/16"
                ],
                "description": "",
                "from_port": 5432,
                "ipv6_cidr_blocks": [],
                "prefix_list_ids": [],
                "protocol": "tcp",
                "security_groups": [],
                "self": false,
                "to_port": 5432
              }
            ],
            "name": "advisor-aurora-sg",
            "name_prefix": "",
            "owner_id": "502424146170",
            "revoke_rules_on_delete": false,
            "tags": {
              "Part": "5",
              "Project": "advisor"
            },
            "tags_all": {
              "Part": "5",
              "Project": "advisor"
            },
            "timeouts": null,
            "vpc_id": "vpc-03c7d97217cfe3ae7"
          },
          "sensitive_attributes": [],
          "private": "eyJlMmJmYjczMC1lY2FhLTExZTYtOGY4OC0zNDM2M2JjN2M0YzAiOnsiY3JlYXRlIjo2MDAwMDAwMDAwMDAsImRlbGV0ZSI6OTAwMDAwMDAwMDAwfSwic2NoZW1hX3ZlcnNpb24iOiIxIn0=",
          "dependencies": [
            "data.aws_vpc.default"
          ]
        }
      ]
    },
    {
      "mode": "managed",
      "type": "random_id",
      "name": "suffix",
      "provider": "provider[\"registry.terraform.io/hashicorp/random\"]",
      "instances": [
        {
          "schema_version": 0,
          "attributes": {
            "b64_std": "QVhE/A==",
            "b64_url": "QVhE_A",
            "byte_length": 4,
            "dec": "1096303868",
            "hex": "415844fc",
            "id": "QVhE_A",
            "keepers": null,
            "prefix": null
          },
          "sensitive_attributes": []
        }
      ]
    },
    {
      "mode": "managed",
      "type": "random_password",
      "name": "db_password",
      "provider": "provider[\"registry.terraform.io/hashicorp/random\"]",
      "instances": [
        {
          "schema_version": 3,
          "attributes": {
            "bcrypt_hash": "$2a$10$S3O7bY0muWcwWC1xYj1Uz.Ze.0o6vPBqvmUJO0zG9tSiKR/MTt2XO",
            "id": "none",
            "keepers": null,
            "length": 32,
            "lower": true,
            "min_lower": 0,
            "min_numeric": 0,
            "min_special": 0,
            "min_upper": 0,
            "number": true,
            "numeric": true,
            "override_special": "!#$%\u0026*()-_=+[]{}\u003c\u003e:?",
            "result": "ga])ZvlExGbJ-Z*$?FIiIT\u003eLK\u0026\u003elkhjO",
            "special": true,
            "upper": true
          },
          "sensitive_attributes": []
        }
      ]
    }
  ],
  "check_results": null
}
